
Microsoft Visual Studio Solution File, Format Version 12.00
# Visual Studio Version 16
VisualStudioVersion = 16.0.30320.27
MinimumVisualStudioVersion = 10.0.40219.1
Project("{FAE04EC0-301F-11D3-BF4B-00C04F79EFBC}") = "Sample.BasicAuth.Api", "Sample.BasicAuth.Api\Sample.BasicAuth.Api.csproj", "{18DBA70F-6987-4BCA-8BD2-53C715FCD6AB}"
EndProject
Global
	GlobalSection(SolutionConfigurationPlatforms) = preSolution
		Debug|Any CPU = Debug|Any CPU
		Release|Any CPU = Release|Any CPU
	EndGlobalSection
	GlobalSection(ProjectConfigurationPlatforms) = postSolution
		{18DBA70F-6987-4BCA-8BD2-53C715FCD6AB}.Debug|Any CPU.ActiveCfg = Debug|Any CPU
		{18DBA70F-6987-4BCA-8BD2-53C715FCD6AB}.Debug|Any CPU.Build.0 = Debug|Any CPU
		{18DBA70F-6987-4BCA-8BD2-53C715FCD6AB}.Release|Any CPU.ActiveCfg = Release|Any CPU
		{18DBA70F-6987-4BCA-8BD2-53C715FCD6AB}.Release|Any CPU.Build.0 = Release|Any CPU
	EndGlobalSection
	GlobalSection(SolutionProperties) = preSolution
		HideSolutionNode = FALSE
	EndGlobalSection
	GlobalSection(ExtensibilityGlobals) = postSolution
		SolutionGuid = {CC1CFF01-A0DD-4AC1-A7D2-5806189205E1}
	EndGlobalSection
EndGlobal
